
Microsoft Visual Studio Solution File, Format Version 12.00
# Visual Studio Version 16
VisualStudioVersion = 16.0.31205.134
MinimumVisualStudioVersion = 10.0.40219.1
Project("{FAE04EC0-301F-11D3-BF4B-00C04F79EFBC}") = "RazorPagesMovie17", "RazorPagesMovie17\RazorPagesMovie17.csproj", "{31576B44-E5A3-4617-ACBA-CFEA87885245}"
EndProject
Global
	GlobalSection(SolutionConfigurationPlatforms) = preSolution
		Debug|Any CPU = Debug|Any CPU
		Release|Any CPU = Release|Any CPU
	EndGlobalSection
	GlobalSection(ProjectConfigurationPlatforms) = postSolution
		{31576B44-E5A3-4617-ACBA-CFEA87885245}.Debug|Any CPU.ActiveCfg = Debug|Any CPU
		{31576B44-E5A3-4617-ACBA-CFEA87885245}.Debug|Any CPU.Build.0 = Debug|Any CPU
		{31576B44-E5A3-4617-ACBA-CFEA87885245}.Release|Any CPU.ActiveCfg = Release|Any CPU
		{31576B44-E5A3-4617-ACBA-CFEA87885245}.Release|Any CPU.Build.0 = Release|Any CPU
	EndGlobalSection
	GlobalSection(SolutionProperties) = preSolution
		HideSolutionNode = FALSE
	EndGlobalSection
	GlobalSection(ExtensibilityGlobals) = postSolution
		SolutionGuid = {DA75CF34-9BF6-4C97-93F9-217696CABB60}
	EndGlobalSection
EndGlobal
